// !$*UTF8*$!
{
	archiveVersion = 1;
	classes = {
	};
	objectVersion = 46;
	objects = {

/* Begin PBXBuildFile section */
		632438E41DE022D600BA9B6C /* removeElement.c in Sources */ = {isa = PBXBuildFile; fileRef = 632438E21DE022D600BA9B6C /* removeElement.c */; };
		632438E91DE1EEF300BA9B6C /* sorts.c in Sources */ = {isa = PBXBuildFile; fileRef = 632438E71DE1EEF300BA9B6C /* sorts.c */; };
		632438EF1DE20AF900BA9B6C /* debug.c in Sources */ = {isa = PBXBuildFile; fileRef = 632438ED1DE20AF900BA9B6C /* debug.c */; };
		632438F51DE95F5D00BA9B6C /* structs.c in Sources */ = {isa = PBXBuildFile; fileRef = 632438F31DE95F5D00BA9B6C /* structs.c */; };
		632438F81DE9612600BA9B6C /* swapPairs.c in Sources */ = {isa = PBXBuildFile; fileRef = 632438F61DE9612600BA9B6C /* swapPairs.c */; };
		632438FB1DE9AA8F00BA9B6C /* reverseKGroup.c in Sources */ = {isa = PBXBuildFile; fileRef = 632438F91DE9AA8F00BA9B6C /* reverseKGroup.c */; };
		632438FE1DE9D4B000BA9B6C /* myAtoi.c in Sources */ = {isa = PBXBuildFile; fileRef = 632438FC1DE9D4B000BA9B6C /* myAtoi.c */; };
		633BD8E31DDED53A0019B124 /* main.cpp in Sources */ = {isa = PBXBuildFile; fileRef = 633BD8E21DDED53A0019B124 /* main.cpp */; };
		633BD8EB1DDED56D0019B124 /* twoSum.c in Sources */ = {isa = PBXBuildFile; fileRef = 633BD8E91DDED56D0019B124 /* twoSum.c */; };
		633BD8EF1DDEDE4C0019B124 /* findMedianSortedArrays.c in Sources */ = {isa = PBXBuildFile; fileRef = 633BD8ED1DDEDE4C0019B124 /* findMedianSortedArrays.c */; };
		633BD8F21DDEDF600019B124 /* addTwoNumbers.c in Sources */ = {isa = PBXBuildFile; fileRef = 633BD8F01DDEDF600019B124 /* addTwoNumbers.c */; };
		6378A66C1DDF2C820063BA37 /* reverseInteger.c in Sources */ = {isa = PBXBuildFile; fileRef = 6378A66A1DDF2C820063BA37 /* reverseInteger.c */; };
		6378A66F1DDF43B00063BA37 /* longestCommonPrefix.c in Sources */ = {isa = PBXBuildFile; fileRef = 6378A66D1DDF43B00063BA37 /* longestCommonPrefix.c */; };
		63D9CD741DE8427F002D5652 /* lengthOfLongestSubstring.c in Sources */ = {isa = PBXBuildFile; fileRef = 63D9CD721DE8427F002D5652 /* lengthOfLongestSubstring.c */; };
		63D9CD7A1DE889FA002D5652 /* longestPalindrome.c in Sources */ = {isa = PBXBuildFile; fileRef = 63D9CD781DE889FA002D5652 /* longestPalindrome.c */; };
		63D9CD7D1DE89A52002D5652 /* firstMissingPositive.c in Sources */ = {isa = PBXBuildFile; fileRef = 63D9CD7B1DE89A52002D5652 /* firstMissingPositive.c */; };
/* End PBXBuildFile section */

/* Begin PBXCopyFilesBuildPhase section */
		633BD8DD1DDED53A0019B124 /* CopyFiles */ = {
			isa = PBXCopyFilesBuildPhase;
			buildActionMask = 2147483647;
			dstPath = /usr/share/man/man1/;
			dstSubfolderSpec = 0;
			files = (
			);
			runOnlyForDeploymentPostprocessing = 1;
		};
/* End PBXCopyFilesBuildPhase section */

/* Begin PBXFileReference section */
		632438E21DE022D600BA9B6C /* removeElement.c */ = {isa = PBXFileReference; fileEncoding = 4; lastKnownFileType = sourcecode.c.c; path = removeElement.c; sourceTree = "<group>"; };
		632438E31DE022D600BA9B6C /* removeElement.h */ = {isa = PBXFileReference; fileEncoding = 4; lastKnownFileType = sourcecode.c.h; path = removeElement.h; sourceTree = "<group>"; };
		632438E71DE1EEF300BA9B6C /* sorts.c */ = {isa = PBXFileReference; fileEncoding = 4; lastKnownFileType = sourcecode.c.c; path = sorts.c; sourceTree = "<group>"; };
		632438E81DE1EEF300BA9B6C /* sorts.h */ = {isa = PBXFileReference; fileEncoding = 4; lastKnownFileType = sourcecode.c.h; path = sorts.h; sourceTree = "<group>"; };
		632438ED1DE20AF900BA9B6C /* debug.c */ = {isa = PBXFileReference; fileEncoding = 4; lastKnownFileType = sourcecode.c.c; path = debug.c; sourceTree = "<group>"; };
		632438EE1DE20AF900BA9B6C /* debug.h */ = {isa = PBXFileReference; fileEncoding = 4; lastKnownFileType = sourcecode.c.h; path = debug.h; sourceTree = "<group>"; };
		632438F31DE95F5D00BA9B6C /* structs.c */ = {isa = PBXFileReference; fileEncoding = 4; lastKnownFileType = sourcecode.c.c; path = structs.c; sourceTree = "<group>"; };
		632438F41DE95F5D00BA9B6C /* structs.h */ = {isa = PBXFileReference; fileEncoding = 4; lastKnownFileType = sourcecode.c.h; path = structs.h; sourceTree = "<group>"; };
		632438F61DE9612600BA9B6C /* swapPairs.c */ = {isa = PBXFileReference; fileEncoding = 4; lastKnownFileType = sourcecode.c.c; path = swapPairs.c; sourceTree = "<group>"; };
		632438F71DE9612600BA9B6C /* swapPairs.h */ = {isa = PBXFileReference; fileEncoding = 4; lastKnownFileType = sourcecode.c.h; path = swapPairs.h; sourceTree = "<group>"; };
		632438F91DE9AA8F00BA9B6C /* reverseKGroup.c */ = {isa = PBXFileReference; fileEncoding = 4; lastKnownFileType = sourcecode.c.c; path = reverseKGroup.c; sourceTree = "<group>"; };
		632438FA1DE9AA8F00BA9B6C /* reverseKGroup.h */ = {isa = PBXFileReference; fileEncoding = 4; lastKnownFileType = sourcecode.c.h; path = reverseKGroup.h; sourceTree = "<group>"; };
		632438FC1DE9D4B000BA9B6C /* myAtoi.c */ = {isa = PBXFileReference; fileEncoding = 4; lastKnownFileType = sourcecode.c.c; path = myAtoi.c; sourceTree = "<group>"; };
		632438FD1DE9D4B000BA9B6C /* myAtoi.h */ = {isa = PBXFileReference; fileEncoding = 4; lastKnownFileType = sourcecode.c.h; path = myAtoi.h; sourceTree = "<group>"; };
		633BD8DF1DDED53A0019B124 /* kLeetCode */ = {isa = PBXFileReference; explicitFileType = "compiled.mach-o.executable"; includeInIndex = 0; path = kLeetCode; sourceTree = BUILT_PRODUCTS_DIR; };
		633BD8E21DDED53A0019B124 /* main.cpp */ = {isa = PBXFileReference; lastKnownFileType = sourcecode.cpp.cpp; path = main.cpp; sourceTree = "<group>"; };
		633BD8E91DDED56D0019B124 /* twoSum.c */ = {isa = PBXFileReference; fileEncoding = 4; lastKnownFileType = sourcecode.c.c; path = twoSum.c; sourceTree = "<group>"; };
		633BD8EA1DDED56D0019B124 /* twoSum.h */ = {isa = PBXFileReference; fileEncoding = 4; lastKnownFileType = sourcecode.c.h; path = twoSum.h; sourceTree = "<group>"; };
		633BD8EC1DDEDCF60019B124 /* defines.h */ = {isa = PBXFileReference; lastKnownFileType = sourcecode.c.h; path = defines.h; sourceTree = "<group>"; };
		633BD8ED1DDEDE4C0019B124 /* findMedianSortedArrays.c */ = {isa = PBXFileReference; fileEncoding = 4; lastKnownFileType = sourcecode.c.c; path = findMedianSortedArrays.c; sourceTree = "<group>"; };
		633BD8EE1DDEDE4C0019B124 /* findMedianSortedArrays.h */ = {isa = PBXFileReference; fileEncoding = 4; lastKnownFileType = sourcecode.c.h; path = findMedianSortedArrays.h; sourceTree = "<group>"; };
		633BD8F01DDEDF600019B124 /* addTwoNumbers.c */ = {isa = PBXFileReference; fileEncoding = 4; lastKnownFileType = sourcecode.c.c; path = addTwoNumbers.c; sourceTree = "<group>"; };
		633BD8F11DDEDF600019B124 /* addTwoNumbers.h */ = {isa = PBXFileReference; fileEncoding = 4; lastKnownFileType = sourcecode.c.h; path = addTwoNumbers.h; sourceTree = "<group>"; };
		6378A66A1DDF2C820063BA37 /* reverseInteger.c */ = {isa = PBXFileReference; fileEncoding = 4; lastKnownFileType = sourcecode.c.c; path = reverseInteger.c; sourceTree = "<group>"; };
		6378A66B1DDF2C820063BA37 /* reverseInteger.h */ = {isa = PBXFileReference; fileEncoding = 4; lastKnownFileType = sourcecode.c.h; path = reverseInteger.h; sourceTree = "<group>"; };
		6378A66D1DDF43B00063BA37 /* longestCommonPrefix.c */ = {isa = PBXFileReference; fileEncoding = 4; lastKnownFileType = sourcecode.c.c; path = longestCommonPrefix.c; sourceTree = "<group>"; };
		6378A66E1DDF43B00063BA37 /* longestCommonPrefix.h */ = {isa = PBXFileReference; fileEncoding = 4; lastKnownFileType = sourcecode.c.h; path = longestCommonPrefix.h; sourceTree = "<group>"; };
		63D9CD721DE8427F002D5652 /* lengthOfLongestSubstring.c */ = {isa = PBXFileReference; fileEncoding = 4; lastKnownFileType = sourcecode.c.c; path = lengthOfLongestSubstring.c; sourceTree = "<group>"; };
		63D9CD761DE85E53002D5652 /* lengthOfLongestSubstring.h */ = {isa = PBXFileReference; fileEncoding = 4; lastKnownFileType = sourcecode.c.h; path = lengthOfLongestSubstring.h; sourceTree = "<group>"; };
		63D9CD781DE889FA002D5652 /* longestPalindrome.c */ = {isa = PBXFileReference; fileEncoding = 4; lastKnownFileType = sourcecode.c.c; path = longestPalindrome.c; sourceTree = "<group>"; };
		63D9CD791DE889FA002D5652 /* longestPalindrome.h */ = {isa = PBXFileReference; fileEncoding = 4; lastKnownFileType = sourcecode.c.h; path = longestPalindrome.h; sourceTree = "<group>"; };
		63D9CD7B1DE89A52002D5652 /* firstMissingPositive.c */ = {isa = PBXFileReference; fileEncoding = 4; lastKnownFileType = sourcecode.c.c; path = firstMissingPositive.c; sourceTree = "<group>"; };
		63D9CD7C1DE89A52002D5652 /* firstMissingPositive.h */ = {isa = PBXFileReference; fileEncoding = 4; lastKnownFileType = sourcecode.c.h; path = firstMissingPositive.h; sourceTree = "<group>"; };
/* End PBXFileReference section */

/* Begin PBXFrameworksBuildPhase section */
		633BD8DC1DDED53A0019B124 /* Frameworks */ = {
			isa = PBXFrameworksBuildPhase;
			buildActionMask = 2147483647;
			files = (
			);
			runOnlyForDeploymentPostprocessing = 0;
		};
/* End PBXFrameworksBuildPhase section */

/* Begin PBXGroup section */
		632438E51DE1E4AF00BA9B6C /* Problems */ = {
			isa = PBXGroup;
			children = (
				633BD8E91DDED56D0019B124 /* twoSum.c */,
				633BD8EA1DDED56D0019B124 /* twoSum.h */,
				633BD8F01DDEDF600019B124 /* addTwoNumbers.c */,
				633BD8F11DDEDF600019B124 /* addTwoNumbers.h */,
				633BD8ED1DDEDE4C0019B124 /* findMedianSortedArrays.c */,
				633BD8EE1DDEDE4C0019B124 /* findMedianSortedArrays.h */,
				6378A66A1DDF2C820063BA37 /* reverseInteger.c */,
				6378A66B1DDF2C820063BA37 /* reverseInteger.h */,
				6378A66D1DDF43B00063BA37 /* longestCommonPrefix.c */,
				6378A66E1DDF43B00063BA37 /* longestCommonPrefix.h */,
				632438E21DE022D600BA9B6C /* removeElement.c */,
				632438E31DE022D600BA9B6C /* removeElement.h */,
				63D9CD721DE8427F002D5652 /* lengthOfLongestSubstring.c */,
				63D9CD761DE85E53002D5652 /* lengthOfLongestSubstring.h */,
				63D9CD781DE889FA002D5652 /* longestPalindrome.c */,
				63D9CD791DE889FA002D5652 /* longestPalindrome.h */,
				63D9CD7B1DE89A52002D5652 /* firstMissingPositive.c */,
				63D9CD7C1DE89A52002D5652 /* firstMissingPositive.h */,
				632438F61DE9612600BA9B6C /* swapPairs.c */,
				632438F71DE9612600BA9B6C /* swapPairs.h */,
				632438F91DE9AA8F00BA9B6C /* reverseKGroup.c */,
				632438FA1DE9AA8F00BA9B6C /* reverseKGroup.h */,
				632438FC1DE9D4B000BA9B6C /* myAtoi.c */,
				632438FD1DE9D4B000BA9B6C /* myAtoi.h */,
			);
			name = Problems;
			sourceTree = "<group>";
		};
		632438E61DE1E4E400BA9B6C /* Common */ = {
			isa = PBXGroup;
			children = (
				633BD8EC1DDEDCF60019B124 /* defines.h */,
				632438F31DE95F5D00BA9B6C /* structs.c */,
				632438F41DE95F5D00BA9B6C /* structs.h */,
				632438E71DE1EEF300BA9B6C /* sorts.c */,
				632438E81DE1EEF300BA9B6C /* sorts.h */,
				632438ED1DE20AF900BA9B6C /* debug.c */,
				632438EE1DE20AF900BA9B6C /* debug.h */,
			);
			name = Common;
			sourceTree = "<group>";
		};
		633BD8D61DDED53A0019B124 = {
			isa = PBXGroup;
			children = (
				633BD8E11DDED53A0019B124 /* kLeetCode */,
				633BD8E01DDED53A0019B124 /* Products */,
			);
			sourceTree = "<group>";
		};
		633BD8E01DDED53A0019B124 /* Products */ = {
			isa = PBXGroup;
			children = (
				633BD8DF1DDED53A0019B124 /* kLeetCode */,
			);
			name = Products;
			sourceTree = "<group>";
		};
		633BD8E11DDED53A0019B124 /* kLeetCode */ = {
			isa = PBXGroup;
			children = (
				633BD8E21DDED53A0019B124 /* main.cpp */,
				632438E61DE1E4E400BA9B6C /* Common */,
				632438E51DE1E4AF00BA9B6C /* Problems */,
			);
			path = kLeetCode;
			sourceTree = "<group>";
		};
/* End PBXGroup section */

/* Begin PBXNativeTarget section */
		633BD8DE1DDED53A0019B124 /* kLeetCode */ = {
			isa = PBXNativeTarget;
			buildConfigurationList = 633BD8E61DDED53A0019B124 /* Build configuration list for PBXNativeTarget "kLeetCode" */;
			buildPhases = (
				633BD8DB1DDED53A0019B124 /* Sources */,
				633BD8DC1DDED53A0019B124 /* Frameworks */,
				633BD8DD1DDED53A0019B124 /* CopyFiles */,
			);
			buildRules = (
			);
			dependencies = (
			);
			name = kLeetCode;
			productName = kLeetCode;
			productReference = 633BD8DF1DDED53A0019B124 /* kLeetCode */;
			productType = "com.apple.product-type.tool";
		};
/* End PBXNativeTarget section */

/* Begin PBXProject section */
		633BD8D71DDED53A0019B124 /* Project object */ = {
			isa = PBXProject;
			attributes = {
				LastUpgradeCheck = 0820;
				ORGANIZATIONNAME = klaudz;
				TargetAttributes = {
					633BD8DE1DDED53A0019B124 = {
						CreatedOnToolsVersion = 8.2;
						ProvisioningStyle = Automatic;
					};
				};
			};
			buildConfigurationList = 633BD8DA1DDED53A0019B124 /* Build configuration list for PBXProject "kLeetCode" */;
			compatibilityVersion = "Xcode 3.2";
			developmentRegion = English;
			hasScannedForEncodings = 0;
			knownRegions = (
				en,
			);
			mainGroup = 633BD8D61DDED53A0019B124;
			productRefGroup = 633BD8E01DDED53A0019B124 /* Products */;
			projectDirPath = "";
			projectRoot = "";
			targets = (
				633BD8DE1DDED53A0019B124 /* kLeetCode */,
			);
		};
/* End PBXProject section */

/* Begin PBXSourcesBuildPhase section */
		633BD8DB1DDED53A0019B124 /* Sources */ = {
			isa = PBXSourcesBuildPhase;
			buildActionMask = 2147483647;
			files = (
				63D9CD7D1DE89A52002D5652 /* firstMissingPositive.c in Sources */,
				633BD8EB1DDED56D0019B124 /* twoSum.c in Sources */,
				633BD8EF1DDEDE4C0019B124 /* findMedianSortedArrays.c in Sources */,
				633BD8E31DDED53A0019B124 /* main.cpp in Sources */,
				632438F51DE95F5D00BA9B6C /* structs.c in Sources */,
				632438FB1DE9AA8F00BA9B6C /* reverseKGroup.c in Sources */,
				63D9CD7A1DE889FA002D5652 /* longestPalindrome.c in Sources */,
				632438EF1DE20AF900BA9B6C /* debug.c in Sources */,
				632438E91DE1EEF300BA9B6C /* sorts.c in Sources */,
				63D9CD741DE8427F002D5652 /* lengthOfLongestSubstring.c in Sources */,
				633BD8F21DDEDF600019B124 /* addTwoNumbers.c in Sources */,
				632438F81DE9612600BA9B6C /* swapPairs.c in Sources */,
				632438FE1DE9D4B000BA9B6C /* myAtoi.c in Sources */,
				632438E41DE022D600BA9B6C /* removeElement.c in Sources */,
				6378A66C1DDF2C820063BA37 /* reverseInteger.c in Sources */,
				6378A66F1DDF43B00063BA37 /* longestCommonPrefix.c in Sources */,
			);
			runOnlyForDeploymentPostprocessing = 0;
		};
/* End PBXSourcesBuildPhase section */

/* Begin XCBuildConfiguration section */
		633BD8E41DDED53A0019B124 /* Debug */ = {
			isa = XCBuildConfiguration;
			buildSettings = {
				ALWAYS_SEARCH_USER_PATHS = NO;
				CLANG_ANALYZER_NONNULL = YES;
				CLANG_CXX_LANGUAGE_STANDARD = "gnu++0x";
				CLANG_CXX_LIBRARY = "libc++";
				CLANG_ENABLE_MODULES = YES;
				CLANG_ENABLE_OBJC_ARC = YES;
				CLANG_WARN_BOOL_CONVERSION = YES;
				CLANG_WARN_CONSTANT_CONVERSION = YES;
				CLANG_WARN_DIRECT_OBJC_ISA_USAGE = YES_ERROR;
				CLANG_WARN_DOCUMENTATION_COMMENTS = YES;
				CLANG_WARN_EMPTY_BODY = YES;
				CLANG_WARN_ENUM_CONVERSION = YES;
				CLANG_WARN_INFINITE_RECURSION = YES;
				CLANG_WARN_INT_CONVERSION = YES;
				CLANG_WARN_OBJC_ROOT_CLASS = YES_ERROR;
				CLANG_WARN_SUSPICIOUS_MOVE = YES;
				CLANG_WARN_UNREACHABLE_CODE = YES;
				CLANG_WARN__DUPLICATE_METHOD_MATCH = YES;
				CODE_SIGN_IDENTITY = "-";
				COPY_PHASE_STRIP = NO;
				DEBUG_INFORMATION_FORMAT = dwarf;
				ENABLE_STRICT_OBJC_MSGSEND = YES;
				ENABLE_TESTABILITY = YES;
				GCC_C_LANGUAGE_STANDARD = gnu99;
				GCC_DYNAMIC_NO_PIC = NO;
				GCC_NO_COMMON_BLOCKS = YES;
				GCC_OPTIMIZATION_LEVEL = 0;
				GCC_PREPROCESSOR_DEFINITIONS = (
					"DEBUG=1",
					"$(inherited)",
				);
				GCC_WARN_64_TO_32_BIT_CONVERSION = YES;
				GCC_WARN_ABOUT_RETURN_TYPE = YES_ERROR;
				GCC_WARN_UNDECLARED_SELECTOR = YES;
				GCC_WARN_UNINITIALIZED_AUTOS = YES_AGGRESSIVE;
				GCC_WARN_UNUSED_FUNCTION = YES;
				GCC_WARN_UNUSED_VARIABLE = YES;
				MACOSX_DEPLOYMENT_TARGET = 10.11;
				MTL_ENABLE_DEBUG_INFO = YES;
				ONLY_ACTIVE_ARCH = YES;
				SDKROOT = macosx;
			};
			name = Debug;
		};
		633BD8E51DDED53A0019B124 /* Release */ = {
			isa = XCBuildConfiguration;
			buildSettings = {
				ALWAYS_SEARCH_USER_PATHS = NO;
				CLANG_ANALYZER_NONNULL = YES;
				CLANG_CXX_LANGUAGE_STANDARD = "gnu++0x";
				CLANG_CXX_LIBRARY = "libc++";
				CLANG_ENABLE_MODULES = YES;
				CLANG_ENABLE_OBJC_ARC = YES;
				CLANG_WARN_BOOL_CONVERSION = YES;
				CLANG_WARN_CONSTANT_CONVERSION = YES;
				CLANG_WARN_DIRECT_OBJC_ISA_USAGE = YES_ERROR;
				CLANG_WARN_DOCUMENTATION_COMMENTS = YES;
				CLANG_WARN_EMPTY_BODY = YES;
				CLANG_WARN_ENUM_CONVERSION = YES;
				CLANG_WARN_INFINITE_RECURSION = YES;
				CLANG_WARN_INT_CONVERSION = YES;
				CLANG_WARN_OBJC_ROOT_CLASS = YES_ERROR;
				CLANG_WARN_SUSPICIOUS_MOVE = YES;
				CLANG_WARN_UNREACHABLE_CODE = YES;
				CLANG_WARN__DUPLICATE_METHOD_MATCH = YES;
				CODE_SIGN_IDENTITY = "-";
				COPY_PHASE_STRIP = NO;
				DEBUG_INFORMATION_FORMAT = "dwarf-with-dsym";
				ENABLE_NS_ASSERTIONS = NO;
				ENABLE_STRICT_OBJC_MSGSEND = YES;
				GCC_C_LANGUAGE_STANDARD = gnu99;
				GCC_NO_COMMON_BLOCKS = YES;
				GCC_WARN_64_TO_32_BIT_CONVERSION = YES;
				GCC_WARN_ABOUT_RETURN_TYPE = YES_ERROR;
				GCC_WARN_UNDECLARED_SELECTOR = YES;
				GCC_WARN_UNINITIALIZED_AUTOS = YES_AGGRESSIVE;
				GCC_WARN_UNUSED_FUNCTION = YES;
				GCC_WARN_UNUSED_VARIABLE = YES;
				MACOSX_DEPLOYMENT_TARGET = 10.11;
				MTL_ENABLE_DEBUG_INFO = NO;
				SDKROOT = macosx;
			};
			name = Release;
		};
		633BD8E71DDED53A0019B124 /* Debug */ = {
			isa = XCBuildConfiguration;
			buildSettings = {
				PRODUCT_NAME = "$(TARGET_NAME)";
			};
			name = Debug;
		};
		633BD8E81DDED53A0019B124 /* Release */ = {
			isa = XCBuildConfiguration;
			buildSettings = {
				PRODUCT_NAME = "$(TARGET_NAME)";
			};
			name = Release;
		};
/* End XCBuildConfiguration section */

/* Begin XCConfigurationList section */
		633BD8DA1DDED53A0019B124 /* Build configuration list for PBXProject "kLeetCode" */ = {
			isa = XCConfigurationList;
			buildConfigurations = (
				633BD8E41DDED53A0019B124 /* Debug */,
				633BD8E51DDED53A0019B124 /* Release */,
			);
			defaultConfigurationIsVisible = 0;
			defaultConfigurationName = Release;
		};
		633BD8E61DDED53A0019B124 /* Build configuration list for PBXNativeTarget "kLeetCode" */ = {
			isa = XCConfigurationList;
			buildConfigurations = (
				633BD8E71DDED53A0019B124 /* Debug */,
				633BD8E81DDED53A0019B124 /* Release */,
			);
			defaultConfigurationIsVisible = 0;
			defaultConfigurationName = Release;
		};
/* End XCConfigurationList section */
	};
	rootObject = 633BD8D71DDED53A0019B124 /* Project object */;
}
